
Microsoft Visual Studio Solution File, Format Version 12.00
# Visual Studio Version 17
VisualStudioVersion = 17.3.32922.545
MinimumVisualStudioVersion = 10.0.40219.1
Project("{FAE04EC0-301F-11D3-BF4B-00C04F79EFBC}") = "MVCCrudEfApp", "MVCCrudEfApp\MVCCrudEfApp.csproj", "{45F1519A-5300-43D6-BB98-53C29B55795E}"
EndProject
Global
	GlobalSection(SolutionConfigurationPlatforms) = preSolution
		Debug|Any CPU = Debug|Any CPU
		Release|Any CPU = Release|Any CPU
	EndGlobalSection
	GlobalSection(ProjectConfigurationPlatforms) = postSolution
		{45F1519A-5300-43D6-BB98-53C29B55795E}.Debug|Any CPU.ActiveCfg = Debug|Any CPU
		{45F1519A-5300-43D6-BB98-53C29B55795E}.Debug|Any CPU.Build.0 = Debug|Any CPU
		{45F1519A-5300-43D6-BB98-53C29B55795E}.Release|Any CPU.ActiveCfg = Release|Any CPU
		{45F1519A-5300-43D6-BB98-53C29B55795E}.Release|Any CPU.Build.0 = Release|Any CPU
	EndGlobalSection
	GlobalSection(SolutionProperties) = preSolution
		HideSolutionNode = FALSE
	EndGlobalSection
	GlobalSection(ExtensibilityGlobals) = postSolution
		SolutionGuid = {E3A084D6-DABC-48C0-AF3C-9F05E0282F7C}
	EndGlobalSection
EndGlobal
