
Microsoft Visual Studio Solution File, Format Version 12.00
# Visual Studio Version 17
VisualStudioVersion = 17.3.32922.545
MinimumVisualStudioVersion = 10.0.40219.1
Project("{9A19103F-16F7-4668-BE54-9A1E7A4F7556}") = "FirstRazorCrud", "FirstRazorCrud\FirstRazorCrud.csproj", "{FE783F97-BD88-4692-9C8D-28B0E420A03B}"
EndProject
Global
	GlobalSection(SolutionConfigurationPlatforms) = preSolution
		Debug|Any CPU = Debug|Any CPU
		Release|Any CPU = Release|Any CPU
	EndGlobalSection
	GlobalSection(ProjectConfigurationPlatforms) = postSolution
		{FE783F97-BD88-4692-9C8D-28B0E420A03B}.Debug|Any CPU.ActiveCfg = Debug|Any CPU
		{FE783F97-BD88-4692-9C8D-28B0E420A03B}.Debug|Any CPU.Build.0 = Debug|Any CPU
		{FE783F97-BD88-4692-9C8D-28B0E420A03B}.Release|Any CPU.ActiveCfg = Release|Any CPU
		{FE783F97-BD88-4692-9C8D-28B0E420A03B}.Release|Any CPU.Build.0 = Release|Any CPU
	EndGlobalSection
	GlobalSection(SolutionProperties) = preSolution
		HideSolutionNode = FALSE
	EndGlobalSection
	GlobalSection(ExtensibilityGlobals) = postSolution
		SolutionGuid = {83F02B5C-4990-402B-A837-B840DFE5208D}
	EndGlobalSection
EndGlobal
